// !$*UTF8*$!
{
	archiveVersion = 1;
	classes = {
	};
	objectVersion = 46;
	objects = {

/* Begin PBXBuildFile section */
		281FCF5F1D8C4E3900EDA34A /* main.m in Sources */ = {isa = PBXBuildFile; fileRef = 281FCF5E1D8C4E3900EDA34A /* main.m */; };
		281FCF621D8C4E3900EDA34A /* AppDelegate.m in Sources */ = {isa = PBXBuildFile; fileRef = 281FCF611D8C4E3900EDA34A /* AppDelegate.m */; };
		281FCF651D8C4E3900EDA34A /* ViewController.m in Sources */ = {isa = PBXBuildFile; fileRef = 281FCF641D8C4E3900EDA34A /* ViewController.m */; };
		281FCF681D8C4E3900EDA34A /* Main.storyboard in Resources */ = {isa = PBXBuildFile; fileRef = 281FCF661D8C4E3900EDA34A /* Main.storyboard */; };
		281FCF6A1D8C4E3900EDA34A /* Assets.xcassets in Resources */ = {isa = PBXBuildFile; fileRef = 281FCF691D8C4E3900EDA34A /* Assets.xcassets */; };
		281FCF6D1D8C4E3900EDA34A /* LaunchScreen.storyboard in Resources */ = {isa = PBXBuildFile; fileRef = 281FCF6B1D8C4E3900EDA34A /* LaunchScreen.storyboard */; };
/* End PBXBuildFile section */

/* Begin PBXFileReference section */
		281FCF5A1D8C4E3900EDA34A /* TipCalculator.app */ = {isa = PBXFileReference; explicitFileType = wrapper.application; includeInIndex = 0; path = TipCalculator.app; sourceTree = BUILT_PRODUCTS_DIR; };
		281FCF5E1D8C4E3900EDA34A /* main.m */ = {isa = PBXFileReference; lastKnownFileType = sourcecode.c.objc; path = main.m; sourceTree = "<group>"; };
		281FCF601D8C4E3900EDA34A /* AppDelegate.h */ = {isa = PBXFileReference; lastKnownFileType = sourcecode.c.h; path = AppDelegate.h; sourceTree = "<group>"; };
		281FCF611D8C4E3900EDA34A /* AppDelegate.m */ = {isa = PBXFileReference; lastKnownFileType = sourcecode.c.objc; path = AppDelegate.m; sourceTree = "<group>"; };
		281FCF631D8C4E3900EDA34A /* ViewController.h */ = {isa = PBXFileReference; lastKnownFileType = sourcecode.c.h; path = ViewController.h; sourceTree = "<group>"; };
		281FCF641D8C4E3900EDA34A /* ViewController.m */ = {isa = PBXFileReference; lastKnownFileType = sourcecode.c.objc; path = ViewController.m; sourceTree = "<group>"; };
		281FCF671D8C4E3900EDA34A /* Base */ = {isa = PBXFileReference; lastKnownFileType = file.storyboard; name = Base; path = Base.lproj/Main.storyboard; sourceTree = "<group>"; };
		281FCF691D8C4E3900EDA34A /* Assets.xcassets */ = {isa = PBXFileReference; lastKnownFileType = folder.assetcatalog; path = Assets.xcassets; sourceTree = "<group>"; };
		281FCF6C1D8C4E3900EDA34A /* Base */ = {isa = PBXFileReference; lastKnownFileType = file.storyboard; name = Base; path = Base.lproj/LaunchScreen.storyboard; sourceTree = "<group>"; };
		281FCF6E1D8C4E3900EDA34A /* Info.plist */ = {isa = PBXFileReference; lastKnownFileType = text.plist.xml; path = Info.plist; sourceTree = "<group>"; };
/* End PBXFileReference section */

/* Begin PBXFrameworksBuildPhase section */
		281FCF571D8C4E3900EDA34A /* Frameworks */ = {
			isa = PBXFrameworksBuildPhase;
			buildActionMask = 2147483647;
			files = (
			);
			runOnlyForDeploymentPostprocessing = 0;
		};
/* End PBXFrameworksBuildPhase section */

/* Begin PBXGroup section */
		281FCF511D8C4E3900EDA34A = {
			isa = PBXGroup;
			children = (
				281FCF5C1D8C4E3900EDA34A /* TipCalculator */,
				281FCF5B1D8C4E3900EDA34A /* Products */,
			);
			sourceTree = "<group>";
		};
		281FCF5B1D8C4E3900EDA34A /* Products */ = {
			isa = PBXGroup;
			children = (
				281FCF5A1D8C4E3900EDA34A /* TipCalculator.app */,
			);
			name = Products;
			sourceTree = "<group>";
		};
		281FCF5C1D8C4E3900EDA34A /* TipCalculator */ = {
			isa = PBXGroup;
			children = (
				281FCF601D8C4E3900EDA34A /* AppDelegate.h */,
				281FCF611D8C4E3900EDA34A /* AppDelegate.m */,
				281FCF631D8C4E3900EDA34A /* ViewController.h */,
				281FCF641D8C4E3900EDA34A /* ViewController.m */,
				281FCF661D8C4E3900EDA34A /* Main.storyboard */,
				281FCF691D8C4E3900EDA34A /* Assets.xcassets */,
				281FCF6B1D8C4E3900EDA34A /* LaunchScreen.storyboard */,
				281FCF6E1D8C4E3900EDA34A /* Info.plist */,
				281FCF5D1D8C4E3900EDA34A /* Supporting Files */,
			);
			path = TipCalculator;
			sourceTree = "<group>";
		};
		281FCF5D1D8C4E3900EDA34A /* Supporting Files */ = {
			isa = PBXGroup;
			children = (
				281FCF5E1D8C4E3900EDA34A /* main.m */,
			);
			name = "Supporting Files";
			sourceTree = "<group>";
		};
/* End PBXGroup section */

/* Begin PBXNativeTarget section */
		281FCF591D8C4E3900EDA34A /* TipCalculator */ = {
			isa = PBXNativeTarget;
			buildConfigurationList = 281FCF711D8C4E3900EDA34A /* Build configuration list for PBXNativeTarget "TipCalculator" */;
			buildPhases = (
				281FCF561D8C4E3900EDA34A /* Sources */,
				281FCF571D8C4E3900EDA34A /* Frameworks */,
				281FCF581D8C4E3900EDA34A /* Resources */,
			);
			buildRules = (
			);
			dependencies = (
			);
			name = TipCalculator;
			productName = TipCalculator;
			productReference = 281FCF5A1D8C4E3900EDA34A /* TipCalculator.app */;
			productType = "com.apple.product-type.application";
		};
/* End PBXNativeTarget section */

/* Begin PBXProject section */
		281FCF521D8C4E3900EDA34A /* Project object */ = {
			isa = PBXProject;
			attributes = {
				LastUpgradeCheck = 0800;
				ORGANIZATIONNAME = "Shaun Campbell";
				TargetAttributes = {
					281FCF591D8C4E3900EDA34A = {
						CreatedOnToolsVersion = 8.0;
						ProvisioningStyle = Automatic;
					};
				};
			};
			buildConfigurationList = 281FCF551D8C4E3900EDA34A /* Build configuration list for PBXProject "TipCalculator" */;
			compatibilityVersion = "Xcode 3.2";
			developmentRegion = English;
			hasScannedForEncodings = 0;
			knownRegions = (
				en,
				Base,
			);
			mainGroup = 281FCF511D8C4E3900EDA34A;
			productRefGroup = 281FCF5B1D8C4E3900EDA34A /* Products */;
			projectDirPath = "";
			projectRoot = "";
			targets = (
				281FCF591D8C4E3900EDA34A /* TipCalculator */,
			);
		};
/* End PBXProject section */

/* Begin PBXResourcesBuildPhase section */
		281FCF581D8C4E3900EDA34A /* Resources */ = {
			isa = PBXResourcesBuildPhase;
			buildActionMask = 2147483647;
			files = (
				281FCF6D1D8C4E3900EDA34A /* LaunchScreen.storyboard in Resources */,
				281FCF6A1D8C4E3900EDA34A /* Assets.xcassets in Resources */,
				281FCF681D8C4E3900EDA34A /* Main.storyboard in Resources */,
			);
			runOnlyForDeploymentPostprocessing = 0;
		};
/* End PBXResourcesBuildPhase section */

/* Begin PBXSourcesBuildPhase section */
		281FCF561D8C4E3900EDA34A /* Sources */ = {
			isa = PBXSourcesBuildPhase;
			buildActionMask = 2147483647;
			files = (
				281FCF651D8C4E3900EDA34A /* ViewController.m in Sources */,
				281FCF621D8C4E3900EDA34A /* AppDelegate.m in Sources */,
				281FCF5F1D8C4E3900EDA34A /* main.m in Sources */,
			);
			runOnlyForDeploymentPostprocessing = 0;
		};
/* End PBXSourcesBuildPhase section */

/* Begin PBXVariantGroup section */
		281FCF661D8C4E3900EDA34A /* Main.storyboard */ = {
			isa = PBXVariantGroup;
			children = (
				281FCF671D8C4E3900EDA34A /* Base */,
			);
			name = Main.storyboard;
			sourceTree = "<group>";
		};
		281FCF6B1D8C4E3900EDA34A /* LaunchScreen.storyboard */ = {
			isa = PBXVariantGroup;
			children = (
				281FCF6C1D8C4E3900EDA34A /* Base */,
			);
			name = LaunchScreen.storyboard;
			sourceTree = "<group>";
		};
/* End PBXVariantGroup section */

/* Begin XCBuildConfiguration section */
		281FCF6F1D8C4E3900EDA34A /* Debug */ = {
			isa = XCBuildConfiguration;
			buildSettings = {
				ALWAYS_SEARCH_USER_PATHS = NO;
				CLANG_ANALYZER_NONNULL = YES;
				CLANG_CXX_LANGUAGE_STANDARD = "gnu++0x";
				CLANG_CXX_LIBRARY = "libc++";
				CLANG_ENABLE_MODULES = YES;
				CLANG_ENABLE_OBJC_ARC = YES;
				CLANG_WARN_BOOL_CONVERSION = YES;
				CLANG_WARN_CONSTANT_CONVERSION = YES;
				CLANG_WARN_DIRECT_OBJC_ISA_USAGE = YES_ERROR;
				CLANG_WARN_DOCUMENTATION_COMMENTS = YES;
				CLANG_WARN_EMPTY_BODY = YES;
				CLANG_WARN_ENUM_CONVERSION = YES;
				CLANG_WARN_INFINITE_RECURSION = YES;
				CLANG_WARN_INT_CONVERSION = YES;
				CLANG_WARN_OBJC_ROOT_CLASS = YES_ERROR;
				CLANG_WARN_SUSPICIOUS_MOVES = YES;
				CLANG_WARN_UNREACHABLE_CODE = YES;
				CLANG_WARN__DUPLICATE_METHOD_MATCH = YES;
				"CODE_SIGN_IDENTITY[sdk=iphoneos*]" = "iPhone Developer";
				COPY_PHASE_STRIP = NO;
				DEBUG_INFORMATION_FORMAT = dwarf;
				ENABLE_STRICT_OBJC_MSGSEND = YES;
				ENABLE_TESTABILITY = YES;
				GCC_C_LANGUAGE_STANDARD = gnu99;
				GCC_DYNAMIC_NO_PIC = NO;
				GCC_NO_COMMON_BLOCKS = YES;
				GCC_OPTIMIZATION_LEVEL = 0;
				GCC_PREPROCESSOR_DEFINITIONS = (
					"DEBUG=1",
					"$(inherited)",
				);
				GCC_WARN_64_TO_32_BIT_CONVERSION = YES;
				GCC_WARN_ABOUT_RETURN_TYPE = YES_ERROR;
				GCC_WARN_UNDECLARED_SELECTOR = YES;
				GCC_WARN_UNINITIALIZED_AUTOS = YES_AGGRESSIVE;
				GCC_WARN_UNUSED_FUNCTION = YES;
				GCC_WARN_UNUSED_VARIABLE = YES;
				IPHONEOS_DEPLOYMENT_TARGET = 10.0;
				MTL_ENABLE_DEBUG_INFO = YES;
				ONLY_ACTIVE_ARCH = YES;
				SDKROOT = iphoneos;
			};
			name = Debug;
		};
		281FCF701D8C4E3900EDA34A /* Release */ = {
			isa = XCBuildConfiguration;
			buildSettings = {
				ALWAYS_SEARCH_USER_PATHS = NO;
				CLANG_ANALYZER_NONNULL = YES;
				CLANG_CXX_LANGUAGE_STANDARD = "gnu++0x";
				CLANG_CXX_LIBRARY = "libc++";
				CLANG_ENABLE_MODULES = YES;
				CLANG_ENABLE_OBJC_ARC = YES;
				CLANG_WARN_BOOL_CONVERSION = YES;
				CLANG_WARN_CONSTANT_CONVERSION = YES;
				CLANG_WARN_DIRECT_OBJC_ISA_USAGE = YES_ERROR;
				CLANG_WARN_DOCUMENTATION_COMMENTS = YES;
				CLANG_WARN_EMPTY_BODY = YES;
				CLANG_WARN_ENUM_CONVERSION = YES;
				CLANG_WARN_INFINITE_RECURSION = YES;
				CLANG_WARN_INT_CONVERSION = YES;
				CLANG_WARN_OBJC_ROOT_CLASS = YES_ERROR;
				CLANG_WARN_SUSPICIOUS_MOVES = YES;
				CLANG_WARN_UNREACHABLE_CODE = YES;
				CLANG_WARN__DUPLICATE_METHOD_MATCH = YES;
				"CODE_SIGN_IDENTITY[sdk=iphoneos*]" = "iPhone Developer";
				COPY_PHASE_STRIP = NO;
				DEBUG_INFORMATION_FORMAT = "dwarf-with-dsym";
				ENABLE_NS_ASSERTIONS = NO;
				ENABLE_STRICT_OBJC_MSGSEND = YES;
				GCC_C_LANGUAGE_STANDARD = gnu99;
				GCC_NO_COMMON_BLOCKS = YES;
				GCC_WARN_64_TO_32_BIT_CONVERSION = YES;
				GCC_WARN_ABOUT_RETURN_TYPE = YES_ERROR;
				GCC_WARN_UNDECLARED_SELECTOR = YES;
				GCC_WARN_UNINITIALIZED_AUTOS = YES_AGGRESSIVE;
				GCC_WARN_UNUSED_FUNCTION = YES;
				GCC_WARN_UNUSED_VARIABLE = YES;
				IPHONEOS_DEPLOYMENT_TARGET = 10.0;
				MTL_ENABLE_DEBUG_INFO = NO;
				SDKROOT = iphoneos;
				VALIDATE_PRODUCT = YES;
			};
			name = Release;
		};
		281FCF721D8C4E3900EDA34A /* Debug */ = {
			isa = XCBuildConfiguration;
			buildSettings = {
				ASSETCATALOG_COMPILER_APPICON_NAME = AppIcon;
				INFOPLIST_FILE = TipCalculator/Info.plist;
				LD_RUNPATH_SEARCH_PATHS = "$(inherited) @executable_path/Frameworks";
				PRODUCT_BUNDLE_IDENTIFIER = com.shauntc.TipCalculator;
				PRODUCT_NAME = "$(TARGET_NAME)";
			};
			name = Debug;
		};
		281FCF731D8C4E3900EDA34A /* Release */ = {
			isa = XCBuildConfiguration;
			buildSettings = {
				ASSETCATALOG_COMPILER_APPICON_NAME = AppIcon;
				INFOPLIST_FILE = TipCalculator/Info.plist;
				LD_RUNPATH_SEARCH_PATHS = "$(inherited) @executable_path/Frameworks";
				PRODUCT_BUNDLE_IDENTIFIER = com.shauntc.TipCalculator;
				PRODUCT_NAME = "$(TARGET_NAME)";
			};
			name = Release;
		};
/* End XCBuildConfiguration section */

/* Begin XCConfigurationList section */
		281FCF551D8C4E3900EDA34A /* Build configuration list for PBXProject "TipCalculator" */ = {
			isa = XCConfigurationList;
			buildConfigurations = (
				281FCF6F1D8C4E3900EDA34A /* Debug */,
				281FCF701D8C4E3900EDA34A /* Release */,
			);
			defaultConfigurationIsVisible = 0;
			defaultConfigurationName = Release;
		};
		281FCF711D8C4E3900EDA34A /* Build configuration list for PBXNativeTarget "TipCalculator" */ = {
			isa = XCConfigurationList;
			buildConfigurations = (
				281FCF721D8C4E3900EDA34A /* Debug */,
				281FCF731D8C4E3900EDA34A /* Release */,
			);
			defaultConfigurationIsVisible = 0;
		};
/* End XCConfigurationList section */
	};
	rootObject = 281FCF521D8C4E3900EDA34A /* Project object */;
}
